
Microsoft Visual Studio Solution File, Format Version 12.00
# Visual Studio Version 17
VisualStudioVersion = 17.8.34408.163
MinimumVisualStudioVersion = 10.0.40219.1
Project("{FAE04EC0-301F-11D3-BF4B-00C04F79EFBC}") = "StudioManagerApi", "StudioManagerApi\StudioManagerApi.csproj", "{4669ED1D-A935-4186-AD22-E63CA43A4652}"
EndProject
Global
	GlobalSection(SolutionConfigurationPlatforms) = preSolution
		Debug|Any CPU = Debug|Any CPU
		Release|Any CPU = Release|Any CPU
	EndGlobalSection
	GlobalSection(ProjectConfigurationPlatforms) = postSolution
		{4669ED1D-A935-4186-AD22-E63CA43A4652}.Debug|Any CPU.ActiveCfg = Debug|Any CPU
		{4669ED1D-A935-4186-AD22-E63CA43A4652}.Debug|Any CPU.Build.0 = Debug|Any CPU
		{4669ED1D-A935-4186-AD22-E63CA43A4652}.Release|Any CPU.ActiveCfg = Release|Any CPU
		{4669ED1D-A935-4186-AD22-E63CA43A4652}.Release|Any CPU.Build.0 = Release|Any CPU
	EndGlobalSection
	GlobalSection(SolutionProperties) = preSolution
		HideSolutionNode = FALSE
	EndGlobalSection
	GlobalSection(ExtensibilityGlobals) = postSolution
		SolutionGuid = {5BC9A9BE-9A0C-49D6-947A-907A0E74F9D3}
	EndGlobalSection
EndGlobal
